// !$*UTF8*$!
{
	archiveVersion = 1;
	classes = {
	};
	objectVersion = 77;
	objects = {

/* Begin PBXBuildFile section */
		3925882513BD79DDFA86E382 /* OutputParser.swift in Sources */ = {isa = PBXBuildFile; fileRef = 231773FC249A46951C7FA78A /* OutputParser.swift */; };
		63E10E4E85495C68EFBBE746 /* OutputParserTests.swift in Sources */ = {isa = PBXBuildFile; fileRef = F8AFF9BAD07088DAB73B8A00 /* OutputParserTests.swift */; };
		73E503D3C147662A63B11DE2 /* CompressionFormat.swift in Sources */ = {isa = PBXBuildFile; fileRef = 6461EC4F6589875394AB1FE5 /* CompressionFormat.swift */; };
		C25C0234582D3AABB05322C3 /* AppError.swift in Sources */ = {isa = PBXBuildFile; fileRef = F12F734A85591D04723254BC /* AppError.swift */; };
		DABA051383A6DF7C958FD2D7 /* ArchiveEntry.swift in Sources */ = {isa = PBXBuildFile; fileRef = BC621D05E0D1F66B682F3685 /* ArchiveEntry.swift */; };
/* End PBXBuildFile section */

/* Begin PBXContainerItemProxy section */
		F14B3B40A62019FFDDA9764E /* PBXContainerItemProxy */ = {
			isa = PBXContainerItemProxy;
			containerPortal = 013AE5D246CFD6FF2179B86E /* Project object */;
			proxyType = 1;
			remoteGlobalIDString = 6AE5CA3967093D16ACA69410;
			remoteInfo = ZipMac;
		};
/* End PBXContainerItemProxy section */

/* Begin PBXFileReference section */
		206AAFFB38D502279DB156E2 /* ZipMac.entitlements */ = {isa = PBXFileReference; lastKnownFileType = text.plist.entitlements; path = ZipMac.entitlements; sourceTree = "<group>"; };
		231773FC249A46951C7FA78A /* OutputParser.swift */ = {isa = PBXFileReference; lastKnownFileType = sourcecode.swift; path = OutputParser.swift; sourceTree = "<group>"; };
		42443A1989BF3E02C1223085 /* ZipMacTests.xctest */ = {isa = PBXFileReference; explicitFileType = wrapper.cfbundle; includeInIndex = 0; path = ZipMacTests.xctest; sourceTree = BUILT_PRODUCTS_DIR; };
		6461EC4F6589875394AB1FE5 /* CompressionFormat.swift */ = {isa = PBXFileReference; lastKnownFileType = sourcecode.swift; path = CompressionFormat.swift; sourceTree = "<group>"; };
		BC621D05E0D1F66B682F3685 /* ArchiveEntry.swift */ = {isa = PBXFileReference; lastKnownFileType = sourcecode.swift; path = ArchiveEntry.swift; sourceTree = "<group>"; };
		C82EB96C0C8C17DA6C1C0F5A /* ZipMac.app */ = {isa = PBXFileReference; explicitFileType = wrapper.application; includeInIndex = 0; path = ZipMac.app; sourceTree = BUILT_PRODUCTS_DIR; };
		E8D8838686BE3F57148F4721 /* Info.plist */ = {isa = PBXFileReference; lastKnownFileType = text.plist; path = Info.plist; sourceTree = "<group>"; };
		F12F734A85591D04723254BC /* AppError.swift */ = {isa = PBXFileReference; lastKnownFileType = sourcecode.swift; path = AppError.swift; sourceTree = "<group>"; };
		F8AFF9BAD07088DAB73B8A00 /* OutputParserTests.swift */ = {isa = PBXFileReference; lastKnownFileType = sourcecode.swift; path = OutputParserTests.swift; sourceTree = "<group>"; };
/* End PBXFileReference section */

/* Begin PBXGroup section */
		69DCF40865D2559D731EE444 /* ZipMacTests */ = {
			isa = PBXGroup;
			children = (
				F8AFF9BAD07088DAB73B8A00 /* OutputParserTests.swift */,
			);
			path = ZipMacTests;
			sourceTree = "<group>";
		};
		77ECCD17C7EEE6FA562AD349 /* Models */ = {
			isa = PBXGroup;
			children = (
				F12F734A85591D04723254BC /* AppError.swift */,
				BC621D05E0D1F66B682F3685 /* ArchiveEntry.swift */,
				6461EC4F6589875394AB1FE5 /* CompressionFormat.swift */,
			);
			path = Models;
			sourceTree = "<group>";
		};
		7E57F81656ACED7AA7707161 /* Services */ = {
			isa = PBXGroup;
			children = (
				231773FC249A46951C7FA78A /* OutputParser.swift */,
			);
			path = Services;
			sourceTree = "<group>";
		};
		A15E6ACD5DF022CC946CBC37 /* Products */ = {
			isa = PBXGroup;
			children = (
				C82EB96C0C8C17DA6C1C0F5A /* ZipMac.app */,
				42443A1989BF3E02C1223085 /* ZipMacTests.xctest */,
			);
			name = Products;
			sourceTree = "<group>";
		};
		AAC18353E0250DDF7FFC8C3D = {
			isa = PBXGroup;
			children = (
				BABC8F0233DF64387058316E /* ZipMac */,
				69DCF40865D2559D731EE444 /* ZipMacTests */,
				A15E6ACD5DF022CC946CBC37 /* Products */,
			);
			sourceTree = "<group>";
		};
		BABC8F0233DF64387058316E /* ZipMac */ = {
			isa = PBXGroup;
			children = (
				E8D8838686BE3F57148F4721 /* Info.plist */,
				206AAFFB38D502279DB156E2 /* ZipMac.entitlements */,
				77ECCD17C7EEE6FA562AD349 /* Models */,
				7E57F81656ACED7AA7707161 /* Services */,
			);
			path = ZipMac;
			sourceTree = "<group>";
		};
		"TEMP_4DE46DB6-CCB9-45AA-9215-184C46512EB6" /* Views */ = {
			isa = PBXGroup;
			children = (
			);
			path = Views;
			sourceTree = "<group>";
		};
/* End PBXGroup section */

/* Begin PBXNativeTarget section */
		2A00ED1E2324FC087583B88E /* ZipMacTests */ = {
			isa = PBXNativeTarget;
			buildConfigurationList = 1544B960590D88ADF38FF078 /* Build configuration list for PBXNativeTarget "ZipMacTests" */;
			buildPhases = (
				189728EFC38995EA0A8C1AC2 /* Sources */,
			);
			buildRules = (
			);
			dependencies = (
				2D63CA0024DED635BB0CDC40 /* PBXTargetDependency */,
			);
			name = ZipMacTests;
			packageProductDependencies = (
			);
			productName = ZipMacTests;
			productReference = 42443A1989BF3E02C1223085 /* ZipMacTests.xctest */;
			productType = "com.apple.product-type.bundle.unit-test";
		};
		6AE5CA3967093D16ACA69410 /* ZipMac */ = {
			isa = PBXNativeTarget;
			buildConfigurationList = D1C7A0E10CBFAA560EEF8D25 /* Build configuration list for PBXNativeTarget "ZipMac" */;
			buildPhases = (
				BF9C128DD8DB5B2EBD583961 /* Sources */,
			);
			buildRules = (
			);
			dependencies = (
			);
			name = ZipMac;
			packageProductDependencies = (
			);
			productName = ZipMac;
			productReference = C82EB96C0C8C17DA6C1C0F5A /* ZipMac.app */;
			productType = "com.apple.product-type.application";
		};
/* End PBXNativeTarget section */

/* Begin PBXProject section */
		013AE5D246CFD6FF2179B86E /* Project object */ = {
			isa = PBXProject;
			attributes = {
				BuildIndependentTargetsInParallel = YES;
				LastUpgradeCheck = 1430;
				TargetAttributes = {
				};
			};
			buildConfigurationList = 4F340547A3CCEBB01CE23573 /* Build configuration list for PBXProject "ZipMac" */;
			developmentRegion = en;
			hasScannedForEncodings = 0;
			knownRegions = (
				Base,
				en,
			);
			mainGroup = AAC18353E0250DDF7FFC8C3D;
			minimizedProjectReferenceProxies = 1;
			preferredProjectObjectVersion = 77;
			productRefGroup = A15E6ACD5DF022CC946CBC37 /* Products */;
			projectDirPath = "";
			projectRoot = "";
			targets = (
				6AE5CA3967093D16ACA69410 /* ZipMac */,
				2A00ED1E2324FC087583B88E /* ZipMacTests */,
			);
		};
/* End PBXProject section */

/* Begin PBXSourcesBuildPhase section */
		189728EFC38995EA0A8C1AC2 /* Sources */ = {
			isa = PBXSourcesBuildPhase;
			buildActionMask = 2147483647;
			files = (
				63E10E4E85495C68EFBBE746 /* OutputParserTests.swift in Sources */,
			);
			runOnlyForDeploymentPostprocessing = 0;
		};
		BF9C128DD8DB5B2EBD583961 /* Sources */ = {
			isa = PBXSourcesBuildPhase;
			buildActionMask = 2147483647;
			files = (
				C25C0234582D3AABB05322C3 /* AppError.swift in Sources */,
				DABA051383A6DF7C958FD2D7 /* ArchiveEntry.swift in Sources */,
				73E503D3C147662A63B11DE2 /* CompressionFormat.swift in Sources */,
				3925882513BD79DDFA86E382 /* OutputParser.swift in Sources */,
			);
			runOnlyForDeploymentPostprocessing = 0;
		};
/* End PBXSourcesBuildPhase section */

/* Begin PBXTargetDependency section */
		2D63CA0024DED635BB0CDC40 /* PBXTargetDependency */ = {
			isa = PBXTargetDependency;
			target = 6AE5CA3967093D16ACA69410 /* ZipMac */;
			targetProxy = F14B3B40A62019FFDDA9764E /* PBXContainerItemProxy */;
		};
/* End PBXTargetDependency section */

/* Begin XCBuildConfiguration section */
		2620264BAB18C73938608983 /* Release */ = {
			isa = XCBuildConfiguration;
			buildSettings = {
				ASSETCATALOG_COMPILER_APPICON_NAME = AppIcon;
				CODE_SIGN_ENTITLEMENTS = ZipMac/ZipMac.entitlements;
				CODE_SIGN_IDENTITY = "-";
				COMBINE_HIDPI_IMAGES = YES;
				INFOPLIST_FILE = ZipMac/Info.plist;
				LD_RUNPATH_SEARCH_PATHS = (
					"$(inherited)",
					"@executable_path/../Frameworks",
				);
				PRODUCT_BUNDLE_IDENTIFIER = com.zipmac.app;
				SDKROOT = macosx;
			};
			name = Release;
		};
		380CAE28E58C051C28045E23 /* Debug */ = {
			isa = XCBuildConfiguration;
			buildSettings = {
				ASSETCATALOG_COMPILER_APPICON_NAME = AppIcon;
				CODE_SIGN_ENTITLEMENTS = ZipMac/ZipMac.entitlements;
				CODE_SIGN_IDENTITY = "-";
				COMBINE_HIDPI_IMAGES = YES;
				INFOPLIST_FILE = ZipMac/Info.plist;
				LD_RUNPATH_SEARCH_PATHS = (
					"$(inherited)",
					"@executable_path/../Frameworks",
				);
				PRODUCT_BUNDLE_IDENTIFIER = com.zipmac.app;
				SDKROOT = macosx;
			};
			name = Debug;
		};
		3BF88CCDF1418DF245BB777B /* Debug */ = {
			isa = XCBuildConfiguration;
			buildSettings = {
				ALWAYS_SEARCH_USER_PATHS = NO;
				CLANG_ANALYZER_NONNULL = YES;
				CLANG_ANALYZER_NUMBER_OBJECT_CONVERSION = YES_AGGRESSIVE;
				CLANG_CXX_LANGUAGE_STANDARD = "gnu++14";
				CLANG_CXX_LIBRARY = "libc++";
				CLANG_ENABLE_MODULES = YES;
				CLANG_ENABLE_OBJC_ARC = YES;
				CLANG_ENABLE_OBJC_WEAK = YES;
				CLANG_WARN_BLOCK_CAPTURE_AUTORELEASING = YES;
				CLANG_WARN_BOOL_CONVERSION = YES;
				CLANG_WARN_COMMA = YES;
				CLANG_WARN_CONSTANT_CONVERSION = YES;
				CLANG_WARN_DEPRECATED_OBJC_IMPLEMENTATIONS = YES;
				CLANG_WARN_DIRECT_OBJC_ISA_USAGE = YES_ERROR;
				CLANG_WARN_DOCUMENTATION_COMMENTS = YES;
				CLANG_WARN_EMPTY_BODY = YES;
				CLANG_WARN_ENUM_CONVERSION = YES;
				CLANG_WARN_INFINITE_RECURSION = YES;
				CLANG_WARN_INT_CONVERSION = YES;
				CLANG_WARN_NON_LITERAL_NULL_CONVERSION = YES;
				CLANG_WARN_OBJC_IMPLICIT_RETAIN_SELF = YES;
				CLANG_WARN_OBJC_LITERAL_CONVERSION = YES;
				CLANG_WARN_OBJC_ROOT_CLASS = YES_ERROR;
				CLANG_WARN_QUOTED_INCLUDE_IN_FRAMEWORK_HEADER = YES;
				CLANG_WARN_RANGE_LOOP_ANALYSIS = YES;
				CLANG_WARN_STRICT_PROTOTYPES = YES;
				CLANG_WARN_SUSPICIOUS_MOVE = YES;
				CLANG_WARN_UNGUARDED_AVAILABILITY = YES_AGGRESSIVE;
				CLANG_WARN_UNREACHABLE_CODE = YES;
				CLANG_WARN__DUPLICATE_METHOD_MATCH = YES;
				COPY_PHASE_STRIP = NO;
				DEBUG_INFORMATION_FORMAT = dwarf;
				ENABLE_STRICT_OBJC_MSGSEND = YES;
				ENABLE_TESTABILITY = YES;
				GCC_C_LANGUAGE_STANDARD = gnu11;
				GCC_DYNAMIC_NO_PIC = NO;
				GCC_NO_COMMON_BLOCKS = YES;
				GCC_OPTIMIZATION_LEVEL = 0;
				GCC_PREPROCESSOR_DEFINITIONS = (
					"$(inherited)",
					"DEBUG=1",
				);
				GCC_WARN_64_TO_32_BIT_CONVERSION = YES;
				GCC_WARN_ABOUT_RETURN_TYPE = YES_ERROR;
				GCC_WARN_UNDECLARED_SELECTOR = YES;
				GCC_WARN_UNINITIALIZED_AUTOS = YES_AGGRESSIVE;
				GCC_WARN_UNUSED_FUNCTION = YES;
				GCC_WARN_UNUSED_VARIABLE = YES;
				MACOSX_DEPLOYMENT_TARGET = 13.0;
				MTL_ENABLE_DEBUG_INFO = INCLUDE_SOURCE;
				MTL_FAST_MATH = YES;
				ONLY_ACTIVE_ARCH = YES;
				PRODUCT_NAME = "$(TARGET_NAME)";
				SDKROOT = macosx;
				SWIFT_ACTIVE_COMPILATION_CONDITIONS = DEBUG;
				SWIFT_OPTIMIZATION_LEVEL = "-Onone";
				SWIFT_VERSION = 6.0;
			};
			name = Debug;
		};
		48593A7E2C656C02C874866F /* Release */ = {
			isa = XCBuildConfiguration;
			buildSettings = {
				BUNDLE_LOADER = "$(TEST_HOST)";
				COMBINE_HIDPI_IMAGES = YES;
				LD_RUNPATH_SEARCH_PATHS = (
					"$(inherited)",
					"@executable_path/../Frameworks",
					"@loader_path/../Frameworks",
				);
				PRODUCT_BUNDLE_IDENTIFIER = com.zipmac.tests;
				SDKROOT = macosx;
				TEST_HOST = "$(BUILT_PRODUCTS_DIR)/ZipMac.app/Contents/MacOS/ZipMac";
			};
			name = Release;
		};
		623829F7DB7F9D84E3259064 /* Release */ = {
			isa = XCBuildConfiguration;
			buildSettings = {
				ALWAYS_SEARCH_USER_PATHS = NO;
				CLANG_ANALYZER_NONNULL = YES;
				CLANG_ANALYZER_NUMBER_OBJECT_CONVERSION = YES_AGGRESSIVE;
				CLANG_CXX_LANGUAGE_STANDARD = "gnu++14";
				CLANG_CXX_LIBRARY = "libc++";
				CLANG_ENABLE_MODULES = YES;
				CLANG_ENABLE_OBJC_ARC = YES;
				CLANG_ENABLE_OBJC_WEAK = YES;
				CLANG_WARN_BLOCK_CAPTURE_AUTORELEASING = YES;
				CLANG_WARN_BOOL_CONVERSION = YES;
				CLANG_WARN_COMMA = YES;
				CLANG_WARN_CONSTANT_CONVERSION = YES;
				CLANG_WARN_DEPRECATED_OBJC_IMPLEMENTATIONS = YES;
				CLANG_WARN_DIRECT_OBJC_ISA_USAGE = YES_ERROR;
				CLANG_WARN_DOCUMENTATION_COMMENTS = YES;
				CLANG_WARN_EMPTY_BODY = YES;
				CLANG_WARN_ENUM_CONVERSION = YES;
				CLANG_WARN_INFINITE_RECURSION = YES;
				CLANG_WARN_INT_CONVERSION = YES;
				CLANG_WARN_NON_LITERAL_NULL_CONVERSION = YES;
				CLANG_WARN_OBJC_IMPLICIT_RETAIN_SELF = YES;
				CLANG_WARN_OBJC_LITERAL_CONVERSION = YES;
				CLANG_WARN_OBJC_ROOT_CLASS = YES_ERROR;
				CLANG_WARN_QUOTED_INCLUDE_IN_FRAMEWORK_HEADER = YES;
				CLANG_WARN_RANGE_LOOP_ANALYSIS = YES;
				CLANG_WARN_STRICT_PROTOTYPES = YES;
				CLANG_WARN_SUSPICIOUS_MOVE = YES;
				CLANG_WARN_UNGUARDED_AVAILABILITY = YES_AGGRESSIVE;
				CLANG_WARN_UNREACHABLE_CODE = YES;
				CLANG_WARN__DUPLICATE_METHOD_MATCH = YES;
				COPY_PHASE_STRIP = NO;
				DEBUG_INFORMATION_FORMAT = "dwarf-with-dsym";
				ENABLE_NS_ASSERTIONS = NO;
				ENABLE_STRICT_OBJC_MSGSEND = YES;
				GCC_C_LANGUAGE_STANDARD = gnu11;
				GCC_NO_COMMON_BLOCKS = YES;
				GCC_WARN_64_TO_32_BIT_CONVERSION = YES;
				GCC_WARN_ABOUT_RETURN_TYPE = YES_ERROR;
				GCC_WARN_UNDECLARED_SELECTOR = YES;
				GCC_WARN_UNINITIALIZED_AUTOS = YES_AGGRESSIVE;
				GCC_WARN_UNUSED_FUNCTION = YES;
				GCC_WARN_UNUSED_VARIABLE = YES;
				MACOSX_DEPLOYMENT_TARGET = 13.0;
				MTL_ENABLE_DEBUG_INFO = NO;
				MTL_FAST_MATH = YES;
				PRODUCT_NAME = "$(TARGET_NAME)";
				SDKROOT = macosx;
				SWIFT_COMPILATION_MODE = wholemodule;
				SWIFT_OPTIMIZATION_LEVEL = "-O";
				SWIFT_VERSION = 6.0;
			};
			name = Release;
		};
		82DCC8C906E1447FAA21DFD2 /* Debug */ = {
			isa = XCBuildConfiguration;
			buildSettings = {
				BUNDLE_LOADER = "$(TEST_HOST)";
				COMBINE_HIDPI_IMAGES = YES;
				LD_RUNPATH_SEARCH_PATHS = (
					"$(inherited)",
					"@executable_path/../Frameworks",
					"@loader_path/../Frameworks",
				);
				PRODUCT_BUNDLE_IDENTIFIER = com.zipmac.tests;
				SDKROOT = macosx;
				TEST_HOST = "$(BUILT_PRODUCTS_DIR)/ZipMac.app/Contents/MacOS/ZipMac";
			};
			name = Debug;
		};
/* End XCBuildConfiguration section */

/* Begin XCConfigurationList section */
		1544B960590D88ADF38FF078 /* Build configuration list for PBXNativeTarget "ZipMacTests" */ = {
			isa = XCConfigurationList;
			buildConfigurations = (
				82DCC8C906E1447FAA21DFD2 /* Debug */,
				48593A7E2C656C02C874866F /* Release */,
			);
			defaultConfigurationIsVisible = 0;
			defaultConfigurationName = Debug;
		};
		4F340547A3CCEBB01CE23573 /* Build configuration list for PBXProject "ZipMac" */ = {
			isa = XCConfigurationList;
			buildConfigurations = (
				3BF88CCDF1418DF245BB777B /* Debug */,
				623829F7DB7F9D84E3259064 /* Release */,
			);
			defaultConfigurationIsVisible = 0;
			defaultConfigurationName = Debug;
		};
		D1C7A0E10CBFAA560EEF8D25 /* Build configuration list for PBXNativeTarget "ZipMac" */ = {
			isa = XCConfigurationList;
			buildConfigurations = (
				380CAE28E58C051C28045E23 /* Debug */,
				2620264BAB18C73938608983 /* Release */,
			);
			defaultConfigurationIsVisible = 0;
			defaultConfigurationName = Debug;
		};
/* End XCConfigurationList section */
	};
	rootObject = 013AE5D246CFD6FF2179B86E /* Project object */;
}
